
Microsoft Visual Studio Solution File, Format Version 12.00
# Visual Studio Version 16
VisualStudioVersion = 16.0.31025.194
MinimumVisualStudioVersion = 10.0.40219.1
Project("{FAE04EC0-301F-11D3-BF4B-00C04F79EFBC}") = "ControlVee.Just.For.Fun", "ControlVee.Just.For.Fun\ControlVee.Just.For.Fun.csproj", "{470381FE-05CA-4211-BC5E-C48A21663916}"
EndProject
Global
	GlobalSection(SolutionConfigurationPlatforms) = preSolution
		Debug|Any CPU = Debug|Any CPU
		Release|Any CPU = Release|Any CPU
	EndGlobalSection
	GlobalSection(ProjectConfigurationPlatforms) = postSolution
		{470381FE-05CA-4211-BC5E-C48A21663916}.Debug|Any CPU.ActiveCfg = Debug|Any CPU
		{470381FE-05CA-4211-BC5E-C48A21663916}.Debug|Any CPU.Build.0 = Debug|Any CPU
		{470381FE-05CA-4211-BC5E-C48A21663916}.Release|Any CPU.ActiveCfg = Release|Any CPU
		{470381FE-05CA-4211-BC5E-C48A21663916}.Release|Any CPU.Build.0 = Release|Any CPU
	EndGlobalSection
	GlobalSection(SolutionProperties) = preSolution
		HideSolutionNode = FALSE
	EndGlobalSection
	GlobalSection(ExtensibilityGlobals) = postSolution
		SolutionGuid = {21DD6831-927A-4010-BCE1-8BF13B0C0763}
	EndGlobalSection
EndGlobal
